// !$*UTF8*$!
{
	archiveVersion = 1;
	classes = {
	};
	objectVersion = 46;
	objects = {

/* Begin PBXBuildFile section */
		279808671AFAE92B000A47B7 /* main.m in Sources */ = {isa = PBXBuildFile; fileRef = 279808661AFAE92B000A47B7 /* main.m */; };
		2798086A1AFAE92B000A47B7 /* AppDelegate.m in Sources */ = {isa = PBXBuildFile; fileRef = 279808691AFAE92B000A47B7 /* AppDelegate.m */; };
		2798086D1AFAE92B000A47B7 /* ViewController.m in Sources */ = {isa = PBXBuildFile; fileRef = 2798086C1AFAE92B000A47B7 /* ViewController.m */; };
		279808701AFAE92B000A47B7 /* Main.storyboard in Resources */ = {isa = PBXBuildFile; fileRef = 2798086E1AFAE92B000A47B7 /* Main.storyboard */; };
		279808721AFAE92B000A47B7 /* Images.xcassets in Resources */ = {isa = PBXBuildFile; fileRef = 279808711AFAE92B000A47B7 /* Images.xcassets */; };
		279808751AFAE92B000A47B7 /* LaunchScreen.xib in Resources */ = {isa = PBXBuildFile; fileRef = 279808731AFAE92B000A47B7 /* LaunchScreen.xib */; };
		279808811AFAE92B000A47B7 /* QRCodeTests.m in Sources */ = {isa = PBXBuildFile; fileRef = 279808801AFAE92B000A47B7 /* QRCodeTests.m */; };
		2798089E1AFB011D000A47B7 /* qrcode_scan_bar_fan@2x.png in Resources */ = {isa = PBXBuildFile; fileRef = 279808921AFB011D000A47B7 /* qrcode_scan_bar_fan@2x.png */; };
		2798089F1AFB011D000A47B7 /* qrcode_scan_bg_Green_fan@2x.png in Resources */ = {isa = PBXBuildFile; fileRef = 279808931AFB011D000A47B7 /* qrcode_scan_bg_Green_fan@2x.png */; };
		279808A01AFB011D000A47B7 /* qrcode_scan_btn_flash_down_fan@2x.png in Resources */ = {isa = PBXBuildFile; fileRef = 279808941AFB011D000A47B7 /* qrcode_scan_btn_flash_down_fan@2x.png */; };
		279808A11AFB011D000A47B7 /* qrcode_scan_btn_flash_nor_fan@2x.png in Resources */ = {isa = PBXBuildFile; fileRef = 279808951AFB011D000A47B7 /* qrcode_scan_btn_flash_nor_fan@2x.png */; };
		279808A21AFB011D000A47B7 /* qrcode_scan_btn_myqrcode_down_fan@2x.png in Resources */ = {isa = PBXBuildFile; fileRef = 279808961AFB011D000A47B7 /* qrcode_scan_btn_myqrcode_down_fan@2x.png */; };
		279808A31AFB011D000A47B7 /* qrcode_scan_btn_myqrcode_nor_fan@2x.png in Resources */ = {isa = PBXBuildFile; fileRef = 279808971AFB011D000A47B7 /* qrcode_scan_btn_myqrcode_nor_fan@2x.png */; };
		279808A41AFB011D000A47B7 /* qrcode_scan_btn_photo_down_fan@2x.png in Resources */ = {isa = PBXBuildFile; fileRef = 279808981AFB011D000A47B7 /* qrcode_scan_btn_photo_down_fan@2x.png */; };
		279808A51AFB011D000A47B7 /* qrcode_scan_btn_photo_nor_fan@2x.png in Resources */ = {isa = PBXBuildFile; fileRef = 279808991AFB011D000A47B7 /* qrcode_scan_btn_photo_nor_fan@2x.png */; };
		279808A61AFB011D000A47B7 /* qrcode_scan_btn_scan_off_fan@2x.png in Resources */ = {isa = PBXBuildFile; fileRef = 2798089A1AFB011D000A47B7 /* qrcode_scan_btn_scan_off_fan@2x.png */; };
		279808A71AFB011D000A47B7 /* qrcode_scan_light_green_fan@2x.png in Resources */ = {isa = PBXBuildFile; fileRef = 2798089B1AFB011D000A47B7 /* qrcode_scan_light_green_fan@2x.png */; };
		279808A81AFB011D000A47B7 /* qrcode_scan_titlebar_back_nor_fan@2x.png in Resources */ = {isa = PBXBuildFile; fileRef = 2798089C1AFB011D000A47B7 /* qrcode_scan_titlebar_back_nor_fan@2x.png */; };
		279808A91AFB011D000A47B7 /* qrcode_scan_titlebar_back_pressed_fan@2x.png in Resources */ = {isa = PBXBuildFile; fileRef = 2798089D1AFB011D000A47B7 /* qrcode_scan_titlebar_back_pressed_fan@2x.png */; };
		279808AB1AFB5848000A47B7 /* CoreImage.framework in Frameworks */ = {isa = PBXBuildFile; fileRef = 279808AA1AFB5848000A47B7 /* CoreImage.framework */; };
		665C9BF91B43AFFC00B4B9A3 /* FanQRCodeViewController.m in Sources */ = {isa = PBXBuildFile; fileRef = 665C9BF81B43AFFC00B4B9A3 /* FanQRCodeViewController.m */; };
		665C9C0B1B43B08300B4B9A3 /* bitstream.c in Sources */ = {isa = PBXBuildFile; fileRef = 665C9BFB1B43B08300B4B9A3 /* bitstream.c */; };
		665C9C0C1B43B08300B4B9A3 /* mask.c in Sources */ = {isa = PBXBuildFile; fileRef = 665C9BFD1B43B08300B4B9A3 /* mask.c */; };
		665C9C0D1B43B08300B4B9A3 /* QRCodeGenerator.m in Sources */ = {isa = PBXBuildFile; fileRef = 665C9C001B43B08300B4B9A3 /* QRCodeGenerator.m */; };
		665C9C0E1B43B08300B4B9A3 /* qrencode.c in Sources */ = {isa = PBXBuildFile; fileRef = 665C9C011B43B08300B4B9A3 /* qrencode.c */; };
		665C9C0F1B43B08300B4B9A3 /* qrinput.c in Sources */ = {isa = PBXBuildFile; fileRef = 665C9C031B43B08300B4B9A3 /* qrinput.c */; };
		665C9C101B43B08300B4B9A3 /* qrspec.c in Sources */ = {isa = PBXBuildFile; fileRef = 665C9C051B43B08300B4B9A3 /* qrspec.c */; };
		665C9C111B43B08300B4B9A3 /* rscode.c in Sources */ = {isa = PBXBuildFile; fileRef = 665C9C071B43B08300B4B9A3 /* rscode.c */; };
		665C9C121B43B08300B4B9A3 /* split.c in Sources */ = {isa = PBXBuildFile; fileRef = 665C9C091B43B08300B4B9A3 /* split.c */; };
/* End PBXBuildFile section */

/* Begin PBXContainerItemProxy section */
		2798087B1AFAE92B000A47B7 /* PBXContainerItemProxy */ = {
			isa = PBXContainerItemProxy;
			containerPortal = 279808591AFAE92B000A47B7 /* Project object */;
			proxyType = 1;
			remoteGlobalIDString = 279808601AFAE92B000A47B7;
			remoteInfo = QRCode;
		};
/* End PBXContainerItemProxy section */

/* Begin PBXFileReference section */
		279808611AFAE92B000A47B7 /* QRCode.app */ = {isa = PBXFileReference; explicitFileType = wrapper.application; includeInIndex = 0; path = QRCode.app; sourceTree = BUILT_PRODUCTS_DIR; };
		279808651AFAE92B000A47B7 /* Info.plist */ = {isa = PBXFileReference; lastKnownFileType = text.plist.xml; path = Info.plist; sourceTree = "<group>"; };
		279808661AFAE92B000A47B7 /* main.m */ = {isa = PBXFileReference; lastKnownFileType = sourcecode.c.objc; path = main.m; sourceTree = "<group>"; };
		279808681AFAE92B000A47B7 /* AppDelegate.h */ = {isa = PBXFileReference; lastKnownFileType = sourcecode.c.h; path = AppDelegate.h; sourceTree = "<group>"; };
		279808691AFAE92B000A47B7 /* AppDelegate.m */ = {isa = PBXFileReference; lastKnownFileType = sourcecode.c.objc; path = AppDelegate.m; sourceTree = "<group>"; };
		2798086B1AFAE92B000A47B7 /* ViewController.h */ = {isa = PBXFileReference; lastKnownFileType = sourcecode.c.h; path = ViewController.h; sourceTree = "<group>"; };
		2798086C1AFAE92B000A47B7 /* ViewController.m */ = {isa = PBXFileReference; lastKnownFileType = sourcecode.c.objc; path = ViewController.m; sourceTree = "<group>"; };
		2798086F1AFAE92B000A47B7 /* Base */ = {isa = PBXFileReference; lastKnownFileType = file.storyboard; name = Base; path = Base.lproj/Main.storyboard; sourceTree = "<group>"; };
		279808711AFAE92B000A47B7 /* Images.xcassets */ = {isa = PBXFileReference; lastKnownFileType = folder.assetcatalog; path = Images.xcassets; sourceTree = "<group>"; };
		279808741AFAE92B000A47B7 /* Base */ = {isa = PBXFileReference; lastKnownFileType = file.xib; name = Base; path = Base.lproj/LaunchScreen.xib; sourceTree = "<group>"; };
		2798087A1AFAE92B000A47B7 /* QRCodeTests.xctest */ = {isa = PBXFileReference; explicitFileType = wrapper.cfbundle; includeInIndex = 0; path = QRCodeTests.xctest; sourceTree = BUILT_PRODUCTS_DIR; };
		2798087F1AFAE92B000A47B7 /* Info.plist */ = {isa = PBXFileReference; lastKnownFileType = text.plist.xml; path = Info.plist; sourceTree = "<group>"; };
		279808801AFAE92B000A47B7 /* QRCodeTests.m */ = {isa = PBXFileReference; lastKnownFileType = sourcecode.c.objc; path = QRCodeTests.m; sourceTree = "<group>"; };
		279808921AFB011D000A47B7 /* qrcode_scan_bar_fan@2x.png */ = {isa = PBXFileReference; lastKnownFileType = image.png; path = "qrcode_scan_bar_fan@2x.png"; sourceTree = "<group>"; };
		279808931AFB011D000A47B7 /* qrcode_scan_bg_Green_fan@2x.png */ = {isa = PBXFileReference; lastKnownFileType = image.png; path = "qrcode_scan_bg_Green_fan@2x.png"; sourceTree = "<group>"; };
		279808941AFB011D000A47B7 /* qrcode_scan_btn_flash_down_fan@2x.png */ = {isa = PBXFileReference; lastKnownFileType = image.png; path = "qrcode_scan_btn_flash_down_fan@2x.png"; sourceTree = "<group>"; };
		279808951AFB011D000A47B7 /* qrcode_scan_btn_flash_nor_fan@2x.png */ = {isa = PBXFileReference; lastKnownFileType = image.png; path = "qrcode_scan_btn_flash_nor_fan@2x.png"; sourceTree = "<group>"; };
		279808961AFB011D000A47B7 /* qrcode_scan_btn_myqrcode_down_fan@2x.png */ = {isa = PBXFileReference; lastKnownFileType = image.png; path = "qrcode_scan_btn_myqrcode_down_fan@2x.png"; sourceTree = "<group>"; };
		279808971AFB011D000A47B7 /* qrcode_scan_btn_myqrcode_nor_fan@2x.png */ = {isa = PBXFileReference; lastKnownFileType = image.png; path = "qrcode_scan_btn_myqrcode_nor_fan@2x.png"; sourceTree = "<group>"; };
		279808981AFB011D000A47B7 /* qrcode_scan_btn_photo_down_fan@2x.png */ = {isa = PBXFileReference; lastKnownFileType = image.png; path = "qrcode_scan_btn_photo_down_fan@2x.png"; sourceTree = "<group>"; };
		279808991AFB011D000A47B7 /* qrcode_scan_btn_photo_nor_fan@2x.png */ = {isa = PBXFileReference; lastKnownFileType = image.png; path = "qrcode_scan_btn_photo_nor_fan@2x.png"; sourceTree = "<group>"; };
		2798089A1AFB011D000A47B7 /* qrcode_scan_btn_scan_off_fan@2x.png */ = {isa = PBXFileReference; lastKnownFileType = image.png; path = "qrcode_scan_btn_scan_off_fan@2x.png"; sourceTree = "<group>"; };
		2798089B1AFB011D000A47B7 /* qrcode_scan_light_green_fan@2x.png */ = {isa = PBXFileReference; lastKnownFileType = image.png; path = "qrcode_scan_light_green_fan@2x.png"; sourceTree = "<group>"; };
		2798089C1AFB011D000A47B7 /* qrcode_scan_titlebar_back_nor_fan@2x.png */ = {isa = PBXFileReference; lastKnownFileType = image.png; path = "qrcode_scan_titlebar_back_nor_fan@2x.png"; sourceTree = "<group>"; };
		2798089D1AFB011D000A47B7 /* qrcode_scan_titlebar_back_pressed_fan@2x.png */ = {isa = PBXFileReference; lastKnownFileType = image.png; path = "qrcode_scan_titlebar_back_pressed_fan@2x.png"; sourceTree = "<group>"; };
		279808AA1AFB5848000A47B7 /* CoreImage.framework */ = {isa = PBXFileReference; lastKnownFileType = wrapper.framework; name = CoreImage.framework; path = System/Library/Frameworks/CoreImage.framework; sourceTree = SDKROOT; };
		665C9BF71B43AFFC00B4B9A3 /* FanQRCodeViewController.h */ = {isa = PBXFileReference; fileEncoding = 4; lastKnownFileType = sourcecode.c.h; path = FanQRCodeViewController.h; sourceTree = "<group>"; };
		665C9BF81B43AFFC00B4B9A3 /* FanQRCodeViewController.m */ = {isa = PBXFileReference; fileEncoding = 4; lastKnownFileType = sourcecode.c.objc; path = FanQRCodeViewController.m; sourceTree = "<group>"; };
		665C9BFB1B43B08300B4B9A3 /* bitstream.c */ = {isa = PBXFileReference; fileEncoding = 4; lastKnownFileType = sourcecode.c.c; path = bitstream.c; sourceTree = "<group>"; };
		665C9BFC1B43B08300B4B9A3 /* bitstream.h */ = {isa = PBXFileReference; fileEncoding = 4; lastKnownFileType = sourcecode.c.h; path = bitstream.h; sourceTree = "<group>"; };
		665C9BFD1B43B08300B4B9A3 /* mask.c */ = {isa = PBXFileReference; fileEncoding = 4; lastKnownFileType = sourcecode.c.c; path = mask.c; sourceTree = "<group>"; };
		665C9BFE1B43B08300B4B9A3 /* mask.h */ = {isa = PBXFileReference; fileEncoding = 4; lastKnownFileType = sourcecode.c.h; path = mask.h; sourceTree = "<group>"; };
		665C9BFF1B43B08300B4B9A3 /* QRCodeGenerator.h */ = {isa = PBXFileReference; fileEncoding = 4; lastKnownFileType = sourcecode.c.h; path = QRCodeGenerator.h; sourceTree = "<group>"; };
		665C9C001B43B08300B4B9A3 /* QRCodeGenerator.m */ = {isa = PBXFileReference; fileEncoding = 4; lastKnownFileType = sourcecode.c.objc; path = QRCodeGenerator.m; sourceTree = "<group>"; };
		665C9C011B43B08300B4B9A3 /* qrencode.c */ = {isa = PBXFileReference; fileEncoding = 4; lastKnownFileType = sourcecode.c.c; path = qrencode.c; sourceTree = "<group>"; };
		665C9C021B43B08300B4B9A3 /* qrencode.h */ = {isa = PBXFileReference; fileEncoding = 4; lastKnownFileType = sourcecode.c.h; path = qrencode.h; sourceTree = "<group>"; };
		665C9C031B43B08300B4B9A3 /* qrinput.c */ = {isa = PBXFileReference; fileEncoding = 4; lastKnownFileType = sourcecode.c.c; path = qrinput.c; sourceTree = "<group>"; };
		665C9C041B43B08300B4B9A3 /* qrinput.h */ = {isa = PBXFileReference; fileEncoding = 4; lastKnownFileType = sourcecode.c.h; path = qrinput.h; sourceTree = "<group>"; };
		665C9C051B43B08300B4B9A3 /* qrspec.c */ = {isa = PBXFileReference; fileEncoding = 4; lastKnownFileType = sourcecode.c.c; path = qrspec.c; sourceTree = "<group>"; };
		665C9C061B43B08300B4B9A3 /* qrspec.h */ = {isa = PBXFileReference; fileEncoding = 4; lastKnownFileType = sourcecode.c.h; path = qrspec.h; sourceTree = "<group>"; };
		665C9C071B43B08300B4B9A3 /* rscode.c */ = {isa = PBXFileReference; fileEncoding = 4; lastKnownFileType = sourcecode.c.c; path = rscode.c; sourceTree = "<group>"; };
		665C9C081B43B08300B4B9A3 /* rscode.h */ = {isa = PBXFileReference; fileEncoding = 4; lastKnownFileType = sourcecode.c.h; path = rscode.h; sourceTree = "<group>"; };
		665C9C091B43B08300B4B9A3 /* split.c */ = {isa = PBXFileReference; fileEncoding = 4; lastKnownFileType = sourcecode.c.c; path = split.c; sourceTree = "<group>"; };
		665C9C0A1B43B08300B4B9A3 /* split.h */ = {isa = PBXFileReference; fileEncoding = 4; lastKnownFileType = sourcecode.c.h; path = split.h; sourceTree = "<group>"; };
/* End PBXFileReference section */

/* Begin PBXFrameworksBuildPhase section */
		2798085E1AFAE92B000A47B7 /* Frameworks */ = {
			isa = PBXFrameworksBuildPhase;
			buildActionMask = 2147483647;
			files = (
				279808AB1AFB5848000A47B7 /* CoreImage.framework in Frameworks */,
			);
			runOnlyForDeploymentPostprocessing = 0;
		};
		279808771AFAE92B000A47B7 /* Frameworks */ = {
			isa = PBXFrameworksBuildPhase;
			buildActionMask = 2147483647;
			files = (
			);
			runOnlyForDeploymentPostprocessing = 0;
		};
/* End PBXFrameworksBuildPhase section */

/* Begin PBXGroup section */
		279808581AFAE92B000A47B7 = {
			isa = PBXGroup;
			children = (
				279808AA1AFB5848000A47B7 /* CoreImage.framework */,
				279808631AFAE92B000A47B7 /* QRCode */,
				2798087D1AFAE92B000A47B7 /* QRCodeTests */,
				279808621AFAE92B000A47B7 /* Products */,
			);
			sourceTree = "<group>";
		};
		279808621AFAE92B000A47B7 /* Products */ = {
			isa = PBXGroup;
			children = (
				279808611AFAE92B000A47B7 /* QRCode.app */,
				2798087A1AFAE92B000A47B7 /* QRCodeTests.xctest */,
			);
			name = Products;
			sourceTree = "<group>";
		};
		279808631AFAE92B000A47B7 /* QRCode */ = {
			isa = PBXGroup;
			children = (
				665C9BFA1B43B08300B4B9A3 /* libqrencode */,
				665C9BF61B43AFD500B4B9A3 /* FanQRCode */,
				279808911AFB0113000A47B7 /* QRImage */,
				279808681AFAE92B000A47B7 /* AppDelegate.h */,
				279808691AFAE92B000A47B7 /* AppDelegate.m */,
				2798086B1AFAE92B000A47B7 /* ViewController.h */,
				2798086C1AFAE92B000A47B7 /* ViewController.m */,
				2798086E1AFAE92B000A47B7 /* Main.storyboard */,
				279808711AFAE92B000A47B7 /* Images.xcassets */,
				279808731AFAE92B000A47B7 /* LaunchScreen.xib */,
				279808641AFAE92B000A47B7 /* Supporting Files */,
			);
			path = QRCode;
			sourceTree = "<group>";
		};
		279808641AFAE92B000A47B7 /* Supporting Files */ = {
			isa = PBXGroup;
			children = (
				279808651AFAE92B000A47B7 /* Info.plist */,
				279808661AFAE92B000A47B7 /* main.m */,
			);
			name = "Supporting Files";
			sourceTree = "<group>";
		};
		2798087D1AFAE92B000A47B7 /* QRCodeTests */ = {
			isa = PBXGroup;
			children = (
				279808801AFAE92B000A47B7 /* QRCodeTests.m */,
				2798087E1AFAE92B000A47B7 /* Supporting Files */,
			);
			path = QRCodeTests;
			sourceTree = "<group>";
		};
		2798087E1AFAE92B000A47B7 /* Supporting Files */ = {
			isa = PBXGroup;
			children = (
				2798087F1AFAE92B000A47B7 /* Info.plist */,
			);
			name = "Supporting Files";
			sourceTree = "<group>";
		};
		279808911AFB0113000A47B7 /* QRImage */ = {
			isa = PBXGroup;
			children = (
				279808921AFB011D000A47B7 /* qrcode_scan_bar_fan@2x.png */,
				279808931AFB011D000A47B7 /* qrcode_scan_bg_Green_fan@2x.png */,
				279808941AFB011D000A47B7 /* qrcode_scan_btn_flash_down_fan@2x.png */,
				279808951AFB011D000A47B7 /* qrcode_scan_btn_flash_nor_fan@2x.png */,
				279808961AFB011D000A47B7 /* qrcode_scan_btn_myqrcode_down_fan@2x.png */,
				279808971AFB011D000A47B7 /* qrcode_scan_btn_myqrcode_nor_fan@2x.png */,
				279808981AFB011D000A47B7 /* qrcode_scan_btn_photo_down_fan@2x.png */,
				279808991AFB011D000A47B7 /* qrcode_scan_btn_photo_nor_fan@2x.png */,
				2798089A1AFB011D000A47B7 /* qrcode_scan_btn_scan_off_fan@2x.png */,
				2798089B1AFB011D000A47B7 /* qrcode_scan_light_green_fan@2x.png */,
				2798089C1AFB011D000A47B7 /* qrcode_scan_titlebar_back_nor_fan@2x.png */,
				2798089D1AFB011D000A47B7 /* qrcode_scan_titlebar_back_pressed_fan@2x.png */,
			);
			path = QRImage;
			sourceTree = "<group>";
		};
		665C9BF61B43AFD500B4B9A3 /* FanQRCode */ = {
			isa = PBXGroup;
			children = (
				665C9BF71B43AFFC00B4B9A3 /* FanQRCodeViewController.h */,
				665C9BF81B43AFFC00B4B9A3 /* FanQRCodeViewController.m */,
			);
			path = FanQRCode;
			sourceTree = "<group>";
		};
		665C9BFA1B43B08300B4B9A3 /* libqrencode */ = {
			isa = PBXGroup;
			children = (
				665C9BFB1B43B08300B4B9A3 /* bitstream.c */,
				665C9BFC1B43B08300B4B9A3 /* bitstream.h */,
				665C9BFD1B43B08300B4B9A3 /* mask.c */,
				665C9BFE1B43B08300B4B9A3 /* mask.h */,
				665C9BFF1B43B08300B4B9A3 /* QRCodeGenerator.h */,
				665C9C001B43B08300B4B9A3 /* QRCodeGenerator.m */,
				665C9C011B43B08300B4B9A3 /* qrencode.c */,
				665C9C021B43B08300B4B9A3 /* qrencode.h */,
				665C9C031B43B08300B4B9A3 /* qrinput.c */,
				665C9C041B43B08300B4B9A3 /* qrinput.h */,
				665C9C051B43B08300B4B9A3 /* qrspec.c */,
				665C9C061B43B08300B4B9A3 /* qrspec.h */,
				665C9C071B43B08300B4B9A3 /* rscode.c */,
				665C9C081B43B08300B4B9A3 /* rscode.h */,
				665C9C091B43B08300B4B9A3 /* split.c */,
				665C9C0A1B43B08300B4B9A3 /* split.h */,
			);
			path = libqrencode;
			sourceTree = "<group>";
		};
/* End PBXGroup section */

/* Begin PBXNativeTarget section */
		279808601AFAE92B000A47B7 /* QRCode */ = {
			isa = PBXNativeTarget;
			buildConfigurationList = 279808841AFAE92B000A47B7 /* Build configuration list for PBXNativeTarget "QRCode" */;
			buildPhases = (
				2798085D1AFAE92B000A47B7 /* Sources */,
				2798085E1AFAE92B000A47B7 /* Frameworks */,
				2798085F1AFAE92B000A47B7 /* Resources */,
			);
			buildRules = (
			);
			dependencies = (
			);
			name = QRCode;
			productName = QRCode;
			productReference = 279808611AFAE92B000A47B7 /* QRCode.app */;
			productType = "com.apple.product-type.application";
		};
		279808791AFAE92B000A47B7 /* QRCodeTests */ = {
			isa = PBXNativeTarget;
			buildConfigurationList = 279808871AFAE92B000A47B7 /* Build configuration list for PBXNativeTarget "QRCodeTests" */;
			buildPhases = (
				279808761AFAE92B000A47B7 /* Sources */,
				279808771AFAE92B000A47B7 /* Frameworks */,
				279808781AFAE92B000A47B7 /* Resources */,
			);
			buildRules = (
			);
			dependencies = (
				2798087C1AFAE92B000A47B7 /* PBXTargetDependency */,
			);
			name = QRCodeTests;
			productName = QRCodeTests;
			productReference = 2798087A1AFAE92B000A47B7 /* QRCodeTests.xctest */;
			productType = "com.apple.product-type.bundle.unit-test";
		};
/* End PBXNativeTarget section */

/* Begin PBXProject section */
		279808591AFAE92B000A47B7 /* Project object */ = {
			isa = PBXProject;
			attributes = {
				LastUpgradeCheck = 0630;
				ORGANIZATIONNAME = "未名空间";
				TargetAttributes = {
					279808601AFAE92B000A47B7 = {
						CreatedOnToolsVersion = 6.3.1;
						DevelopmentTeam = NW3X9NZ9UP;
						ProvisioningStyle = Automatic;
					};
					279808791AFAE92B000A47B7 = {
						CreatedOnToolsVersion = 6.3.1;
						TestTargetID = 279808601AFAE92B000A47B7;
					};
				};
			};
			buildConfigurationList = 2798085C1AFAE92B000A47B7 /* Build configuration list for PBXProject "QRCode" */;
			compatibilityVersion = "Xcode 3.2";
			developmentRegion = English;
			hasScannedForEncodings = 0;
			knownRegions = (
				en,
				Base,
			);
			mainGroup = 279808581AFAE92B000A47B7;
			productRefGroup = 279808621AFAE92B000A47B7 /* Products */;
			projectDirPath = "";
			projectRoot = "";
			targets = (
				279808601AFAE92B000A47B7 /* QRCode */,
				279808791AFAE92B000A47B7 /* QRCodeTests */,
			);
		};
/* End PBXProject section */

/* Begin PBXResourcesBuildPhase section */
		2798085F1AFAE92B000A47B7 /* Resources */ = {
			isa = PBXResourcesBuildPhase;
			buildActionMask = 2147483647;
			files = (
				279808A21AFB011D000A47B7 /* qrcode_scan_btn_myqrcode_down_fan@2x.png in Resources */,
				279808701AFAE92B000A47B7 /* Main.storyboard in Resources */,
				279808A11AFB011D000A47B7 /* qrcode_scan_btn_flash_nor_fan@2x.png in Resources */,
				2798089E1AFB011D000A47B7 /* qrcode_scan_bar_fan@2x.png in Resources */,
				279808A71AFB011D000A47B7 /* qrcode_scan_light_green_fan@2x.png in Resources */,
				279808A31AFB011D000A47B7 /* qrcode_scan_btn_myqrcode_nor_fan@2x.png in Resources */,
				279808A91AFB011D000A47B7 /* qrcode_scan_titlebar_back_pressed_fan@2x.png in Resources */,
				279808751AFAE92B000A47B7 /* LaunchScreen.xib in Resources */,
				279808721AFAE92B000A47B7 /* Images.xcassets in Resources */,
				279808A41AFB011D000A47B7 /* qrcode_scan_btn_photo_down_fan@2x.png in Resources */,
				2798089F1AFB011D000A47B7 /* qrcode_scan_bg_Green_fan@2x.png in Resources */,
				279808A51AFB011D000A47B7 /* qrcode_scan_btn_photo_nor_fan@2x.png in Resources */,
				279808A01AFB011D000A47B7 /* qrcode_scan_btn_flash_down_fan@2x.png in Resources */,
				279808A61AFB011D000A47B7 /* qrcode_scan_btn_scan_off_fan@2x.png in Resources */,
				279808A81AFB011D000A47B7 /* qrcode_scan_titlebar_back_nor_fan@2x.png in Resources */,
			);
			runOnlyForDeploymentPostprocessing = 0;
		};
		279808781AFAE92B000A47B7 /* Resources */ = {
			isa = PBXResourcesBuildPhase;
			buildActionMask = 2147483647;
			files = (
			);
			runOnlyForDeploymentPostprocessing = 0;
		};
/* End PBXResourcesBuildPhase section */

/* Begin PBXSourcesBuildPhase section */
		2798085D1AFAE92B000A47B7 /* Sources */ = {
			isa = PBXSourcesBuildPhase;
			buildActionMask = 2147483647;
			files = (
				665C9C121B43B08300B4B9A3 /* split.c in Sources */,
				665C9C0D1B43B08300B4B9A3 /* QRCodeGenerator.m in Sources */,
				2798086D1AFAE92B000A47B7 /* ViewController.m in Sources */,
				665C9C0B1B43B08300B4B9A3 /* bitstream.c in Sources */,
				665C9C111B43B08300B4B9A3 /* rscode.c in Sources */,
				665C9C101B43B08300B4B9A3 /* qrspec.c in Sources */,
				665C9BF91B43AFFC00B4B9A3 /* FanQRCodeViewController.m in Sources */,
				665C9C0E1B43B08300B4B9A3 /* qrencode.c in Sources */,
				665C9C0F1B43B08300B4B9A3 /* qrinput.c in Sources */,
				665C9C0C1B43B08300B4B9A3 /* mask.c in Sources */,
				2798086A1AFAE92B000A47B7 /* AppDelegate.m in Sources */,
				279808671AFAE92B000A47B7 /* main.m in Sources */,
			);
			runOnlyForDeploymentPostprocessing = 0;
		};
		279808761AFAE92B000A47B7 /* Sources */ = {
			isa = PBXSourcesBuildPhase;
			buildActionMask = 2147483647;
			files = (
				279808811AFAE92B000A47B7 /* QRCodeTests.m in Sources */,
			);
			runOnlyForDeploymentPostprocessing = 0;
		};
/* End PBXSourcesBuildPhase section */

/* Begin PBXTargetDependency section */
		2798087C1AFAE92B000A47B7 /* PBXTargetDependency */ = {
			isa = PBXTargetDependency;
			target = 279808601AFAE92B000A47B7 /* QRCode */;
			targetProxy = 2798087B1AFAE92B000A47B7 /* PBXContainerItemProxy */;
		};
/* End PBXTargetDependency section */

/* Begin PBXVariantGroup section */
		2798086E1AFAE92B000A47B7 /* Main.storyboard */ = {
			isa = PBXVariantGroup;
			children = (
				2798086F1AFAE92B000A47B7 /* Base */,
			);
			name = Main.storyboard;
			sourceTree = "<group>";
		};
		279808731AFAE92B000A47B7 /* LaunchScreen.xib */ = {
			isa = PBXVariantGroup;
			children = (
				279808741AFAE92B000A47B7 /* Base */,
			);
			name = LaunchScreen.xib;
			sourceTree = "<group>";
		};
/* End PBXVariantGroup section */

/* Begin XCBuildConfiguration section */
		279808821AFAE92B000A47B7 /* Debug */ = {
			isa = XCBuildConfiguration;
			buildSettings = {
				ALWAYS_SEARCH_USER_PATHS = NO;
				CLANG_CXX_LANGUAGE_STANDARD = "gnu++0x";
				CLANG_CXX_LIBRARY = "libc++";
				CLANG_ENABLE_MODULES = YES;
				CLANG_ENABLE_OBJC_ARC = YES;
				CLANG_WARN_BOOL_CONVERSION = YES;
				CLANG_WARN_CONSTANT_CONVERSION = YES;
				CLANG_WARN_DIRECT_OBJC_ISA_USAGE = YES_ERROR;
				CLANG_WARN_EMPTY_BODY = YES;
				CLANG_WARN_ENUM_CONVERSION = YES;
				CLANG_WARN_INT_CONVERSION = YES;
				CLANG_WARN_OBJC_ROOT_CLASS = YES_ERROR;
				CLANG_WARN_UNREACHABLE_CODE = YES;
				CLANG_WARN__DUPLICATE_METHOD_MATCH = YES;
				"CODE_SIGN_IDENTITY[sdk=iphoneos*]" = "iPhone Developer";
				COPY_PHASE_STRIP = NO;
				DEBUG_INFORMATION_FORMAT = "dwarf-with-dsym";
				ENABLE_STRICT_OBJC_MSGSEND = YES;
				GCC_C_LANGUAGE_STANDARD = gnu99;
				GCC_DYNAMIC_NO_PIC = NO;
				GCC_NO_COMMON_BLOCKS = YES;
				GCC_OPTIMIZATION_LEVEL = 0;
				GCC_PREPROCESSOR_DEFINITIONS = (
					"DEBUG=1",
					"$(inherited)",
				);
				GCC_SYMBOLS_PRIVATE_EXTERN = NO;
				GCC_WARN_64_TO_32_BIT_CONVERSION = YES;
				GCC_WARN_ABOUT_RETURN_TYPE = YES_ERROR;
				GCC_WARN_UNDECLARED_SELECTOR = YES;
				GCC_WARN_UNINITIALIZED_AUTOS = YES_AGGRESSIVE;
				GCC_WARN_UNUSED_FUNCTION = YES;
				GCC_WARN_UNUSED_VARIABLE = YES;
				IPHONEOS_DEPLOYMENT_TARGET = 8.3;
				MTL_ENABLE_DEBUG_INFO = YES;
				ONLY_ACTIVE_ARCH = YES;
				SDKROOT = iphoneos;
				TARGETED_DEVICE_FAMILY = "1,2";
			};
			name = Debug;
		};
		279808831AFAE92B000A47B7 /* Release */ = {
			isa = XCBuildConfiguration;
			buildSettings = {
				ALWAYS_SEARCH_USER_PATHS = NO;
				CLANG_CXX_LANGUAGE_STANDARD = "gnu++0x";
				CLANG_CXX_LIBRARY = "libc++";
				CLANG_ENABLE_MODULES = YES;
				CLANG_ENABLE_OBJC_ARC = YES;
				CLANG_WARN_BOOL_CONVERSION = YES;
				CLANG_WARN_CONSTANT_CONVERSION = YES;
				CLANG_WARN_DIRECT_OBJC_ISA_USAGE = YES_ERROR;
				CLANG_WARN_EMPTY_BODY = YES;
				CLANG_WARN_ENUM_CONVERSION = YES;
				CLANG_WARN_INT_CONVERSION = YES;
				CLANG_WARN_OBJC_ROOT_CLASS = YES_ERROR;
				CLANG_WARN_UNREACHABLE_CODE = YES;
				CLANG_WARN__DUPLICATE_METHOD_MATCH = YES;
				"CODE_SIGN_IDENTITY[sdk=iphoneos*]" = "iPhone Developer";
				COPY_PHASE_STRIP = NO;
				DEBUG_INFORMATION_FORMAT = "dwarf-with-dsym";
				ENABLE_NS_ASSERTIONS = NO;
				ENABLE_STRICT_OBJC_MSGSEND = YES;
				GCC_C_LANGUAGE_STANDARD = gnu99;
				GCC_NO_COMMON_BLOCKS = YES;
				GCC_WARN_64_TO_32_BIT_CONVERSION = YES;
				GCC_WARN_ABOUT_RETURN_TYPE = YES_ERROR;
				GCC_WARN_UNDECLARED_SELECTOR = YES;
				GCC_WARN_UNINITIALIZED_AUTOS = YES_AGGRESSIVE;
				GCC_WARN_UNUSED_FUNCTION = YES;
				GCC_WARN_UNUSED_VARIABLE = YES;
				IPHONEOS_DEPLOYMENT_TARGET = 8.3;
				MTL_ENABLE_DEBUG_INFO = NO;
				SDKROOT = iphoneos;
				TARGETED_DEVICE_FAMILY = "1,2";
				VALIDATE_PRODUCT = YES;
			};
			name = Release;
		};
		279808851AFAE92B000A47B7 /* Debug */ = {
			isa = XCBuildConfiguration;
			buildSettings = {
				ASSETCATALOG_COMPILER_APPICON_NAME = AppIcon;
				ASSETCATALOG_COMPILER_LAUNCHIMAGE_NAME = LaunchImage;
				CODE_SIGN_IDENTITY = "iPhone Developer: xiangyang fan (D4VXXFSSR2)";
				"CODE_SIGN_IDENTITY[sdk=iphoneos*]" = "iPhone Developer";
				DEVELOPMENT_TEAM = "";
				INFOPLIST_FILE = QRCode/Info.plist;
				IPHONEOS_DEPLOYMENT_TARGET = 7.0;
				LD_RUNPATH_SEARCH_PATHS = "$(inherited) @executable_path/Frameworks";
				PRODUCT_NAME = "$(TARGET_NAME)";
				PROVISIONING_PROFILE = "";
				PROVISIONING_PROFILE_SPECIFIER = "";
			};
			name = Debug;
		};
		279808861AFAE92B000A47B7 /* Release */ = {
			isa = XCBuildConfiguration;
			buildSettings = {
				ASSETCATALOG_COMPILER_APPICON_NAME = AppIcon;
				ASSETCATALOG_COMPILER_LAUNCHIMAGE_NAME = LaunchImage;
				CODE_SIGN_IDENTITY = "iPhone Developer: xiangyang fan (D4VXXFSSR2)";
				"CODE_SIGN_IDENTITY[sdk=iphoneos*]" = "iPhone Developer";
				DEVELOPMENT_TEAM = "";
				INFOPLIST_FILE = QRCode/Info.plist;
				IPHONEOS_DEPLOYMENT_TARGET = 7.0;
				LD_RUNPATH_SEARCH_PATHS = "$(inherited) @executable_path/Frameworks";
				PRODUCT_NAME = "$(TARGET_NAME)";
				PROVISIONING_PROFILE = "";
				PROVISIONING_PROFILE_SPECIFIER = "";
			};
			name = Release;
		};
		279808881AFAE92B000A47B7 /* Debug */ = {
			isa = XCBuildConfiguration;
			buildSettings = {
				BUNDLE_LOADER = "$(TEST_HOST)";
				FRAMEWORK_SEARCH_PATHS = (
					"$(SDKROOT)/Developer/Library/Frameworks",
					"$(inherited)",
				);
				GCC_PREPROCESSOR_DEFINITIONS = (
					"DEBUG=1",
					"$(inherited)",
				);
				INFOPLIST_FILE = QRCodeTests/Info.plist;
				LD_RUNPATH_SEARCH_PATHS = "$(inherited) @executable_path/Frameworks @loader_path/Frameworks";
				PRODUCT_NAME = "$(TARGET_NAME)";
				TEST_HOST = "$(BUILT_PRODUCTS_DIR)/QRCode.app/QRCode";
			};
			name = Debug;
		};
		279808891AFAE92B000A47B7 /* Release */ = {
			isa = XCBuildConfiguration;
			buildSettings = {
				BUNDLE_LOADER = "$(TEST_HOST)";
				FRAMEWORK_SEARCH_PATHS = (
					"$(SDKROOT)/Developer/Library/Frameworks",
					"$(inherited)",
				);
				INFOPLIST_FILE = QRCodeTests/Info.plist;
				LD_RUNPATH_SEARCH_PATHS = "$(inherited) @executable_path/Frameworks @loader_path/Frameworks";
				PRODUCT_NAME = "$(TARGET_NAME)";
				TEST_HOST = "$(BUILT_PRODUCTS_DIR)/QRCode.app/QRCode";
			};
			name = Release;
		};
/* End XCBuildConfiguration section */

/* Begin XCConfigurationList section */
		2798085C1AFAE92B000A47B7 /* Build configuration list for PBXProject "QRCode" */ = {
			isa = XCConfigurationList;
			buildConfigurations = (
				279808821AFAE92B000A47B7 /* Debug */,
				279808831AFAE92B000A47B7 /* Release */,
			);
			defaultConfigurationIsVisible = 0;
			defaultConfigurationName = Release;
		};
		279808841AFAE92B000A47B7 /* Build configuration list for PBXNativeTarget "QRCode" */ = {
			isa = XCConfigurationList;
			buildConfigurations = (
				279808851AFAE92B000A47B7 /* Debug */,
				279808861AFAE92B000A47B7 /* Release */,
			);
			defaultConfigurationIsVisible = 0;
			defaultConfigurationName = Release;
		};
		279808871AFAE92B000A47B7 /* Build configuration list for PBXNativeTarget "QRCodeTests" */ = {
			isa = XCConfigurationList;
			buildConfigurations = (
				279808881AFAE92B000A47B7 /* Debug */,
				279808891AFAE92B000A47B7 /* Release */,
			);
			defaultConfigurationIsVisible = 0;
			defaultConfigurationName = Release;
		};
/* End XCConfigurationList section */
	};
	rootObject = 279808591AFAE92B000A47B7 /* Project object */;
}
